# THIS IS AN AUTOGENERATED FILE. DO NOT EDIT THIS FILE DIRECTLY.
# yarn lockfile v1


clone-regexp@^2.1.0:
  version "2.1.0"
  resolved "https://registry.yarnpkg.com/clone-regexp/-/clone-regexp-2.1.0.tgz#d17b9ff55840b2cb2d84eab618bc4f8d2af4b631"
  integrity sha512-Ujn//SX3jg4duyQGM37swl+Sk95zmQnraZO0fGVZQEq1fJJML8mJaEkbT70ns/kBcdU7HLzpF8VJUmsb1lDD8Q==
  dependencies:
    is-regexp "^2.0.0"

is-regexp@^2.0.0:
  version "2.0.0"
  resolved "https://registry.yarnpkg.com/is-regexp/-/is-regexp-2.0.0.tgz#d669511d64a620c7a8dffa9a1e00710f9275ace0"
  integrity sha512-B5NGyyvXTmppdR/g7ei6cu5DXhvzBLNcajOXJ3OR1tmW39iiF7444beL1lQjL393j8vDOTWGnSV2r/5cKuNqkg==
